// !$*UTF8*$!
{
	archiveVersion = 1;
	classes = {
	};
	objectVersion = 46;
	objects = {

/* Begin PBXBuildFile section */
		66C8349F1E66FF3200576276 /* AppDelegate.swift in Sources */ = {isa = PBXBuildFile; fileRef = 66C8349E1E66FF3200576276 /* AppDelegate.swift */; };
		66C834A11E66FF3200576276 /* ViewController.swift in Sources */ = {isa = PBXBuildFile; fileRef = 66C834A01E66FF3200576276 /* ViewController.swift */; };
		66C834A41E66FF3200576276 /* Main.storyboard in Resources */ = {isa = PBXBuildFile; fileRef = 66C834A21E66FF3200576276 /* Main.storyboard */; };
		66C834A61E66FF3200576276 /* Assets.xcassets in Resources */ = {isa = PBXBuildFile; fileRef = 66C834A51E66FF3200576276 /* Assets.xcassets */; };
		66C834A91E66FF3200576276 /* LaunchScreen.storyboard in Resources */ = {isa = PBXBuildFile; fileRef = 66C834A71E66FF3200576276 /* LaunchScreen.storyboard */; };
		66C834BB1E66FFE900576276 /* nssl0033.jpg in Resources */ = {isa = PBXBuildFile; fileRef = 66C834B11E66FFE900576276 /* nssl0033.jpg */; };
		66C834BC1E66FFE900576276 /* nssl0034.jpg in Resources */ = {isa = PBXBuildFile; fileRef = 66C834B21E66FFE900576276 /* nssl0034.jpg */; };
		66C834BD1E66FFE900576276 /* nssl0041.jpg in Resources */ = {isa = PBXBuildFile; fileRef = 66C834B31E66FFE900576276 /* nssl0041.jpg */; };
		66C834BE1E66FFE900576276 /* nssl0042.jpg in Resources */ = {isa = PBXBuildFile; fileRef = 66C834B41E66FFE900576276 /* nssl0042.jpg */; };
		66C834BF1E66FFE900576276 /* nssl0043.jpg in Resources */ = {isa = PBXBuildFile; fileRef = 66C834B51E66FFE900576276 /* nssl0043.jpg */; };
		66C834C01E66FFE900576276 /* nssl0045.jpg in Resources */ = {isa = PBXBuildFile; fileRef = 66C834B61E66FFE900576276 /* nssl0045.jpg */; };
		66C834C11E66FFE900576276 /* nssl0046.jpg in Resources */ = {isa = PBXBuildFile; fileRef = 66C834B71E66FFE900576276 /* nssl0046.jpg */; };
		66C834C21E66FFE900576276 /* nssl0049.jpg in Resources */ = {isa = PBXBuildFile; fileRef = 66C834B81E66FFE900576276 /* nssl0049.jpg */; };
		66C834C31E66FFE900576276 /* nssl0051.jpg in Resources */ = {isa = PBXBuildFile; fileRef = 66C834B91E66FFE900576276 /* nssl0051.jpg */; };
		66C834C41E66FFE900576276 /* nssl0091.jpg in Resources */ = {isa = PBXBuildFile; fileRef = 66C834BA1E66FFE900576276 /* nssl0091.jpg */; };
		66C834C61E6707D500576276 /* DetailViewController.swift in Sources */ = {isa = PBXBuildFile; fileRef = 66C834C51E6707D500576276 /* DetailViewController.swift */; };
/* End PBXBuildFile section */

/* Begin PBXFileReference section */
		66C8349B1E66FF3200576276 /* StormViewer.app */ = {isa = PBXFileReference; explicitFileType = wrapper.application; includeInIndex = 0; path = StormViewer.app; sourceTree = BUILT_PRODUCTS_DIR; };
		66C8349E1E66FF3200576276 /* AppDelegate.swift */ = {isa = PBXFileReference; lastKnownFileType = sourcecode.swift; path = AppDelegate.swift; sourceTree = "<group>"; };
		66C834A01E66FF3200576276 /* ViewController.swift */ = {isa = PBXFileReference; lastKnownFileType = sourcecode.swift; path = ViewController.swift; sourceTree = "<group>"; };
		66C834A31E66FF3200576276 /* Base */ = {isa = PBXFileReference; lastKnownFileType = file.storyboard; name = Base; path = Base.lproj/Main.storyboard; sourceTree = "<group>"; };
		66C834A51E66FF3200576276 /* Assets.xcassets */ = {isa = PBXFileReference; lastKnownFileType = folder.assetcatalog; path = Assets.xcassets; sourceTree = "<group>"; };
		66C834A81E66FF3200576276 /* Base */ = {isa = PBXFileReference; lastKnownFileType = file.storyboard; name = Base; path = Base.lproj/LaunchScreen.storyboard; sourceTree = "<group>"; };
		66C834AA1E66FF3200576276 /* Info.plist */ = {isa = PBXFileReference; lastKnownFileType = text.plist.xml; path = Info.plist; sourceTree = "<group>"; };
		66C834B11E66FFE900576276 /* nssl0033.jpg */ = {isa = PBXFileReference; lastKnownFileType = image.jpeg; path = nssl0033.jpg; sourceTree = "<group>"; };
		66C834B21E66FFE900576276 /* nssl0034.jpg */ = {isa = PBXFileReference; lastKnownFileType = image.jpeg; path = nssl0034.jpg; sourceTree = "<group>"; };
		66C834B31E66FFE900576276 /* nssl0041.jpg */ = {isa = PBXFileReference; lastKnownFileType = image.jpeg; path = nssl0041.jpg; sourceTree = "<group>"; };
		66C834B41E66FFE900576276 /* nssl0042.jpg */ = {isa = PBXFileReference; lastKnownFileType = image.jpeg; path = nssl0042.jpg; sourceTree = "<group>"; };
		66C834B51E66FFE900576276 /* nssl0043.jpg */ = {isa = PBXFileReference; lastKnownFileType = image.jpeg; path = nssl0043.jpg; sourceTree = "<group>"; };
		66C834B61E66FFE900576276 /* nssl0045.jpg */ = {isa = PBXFileReference; lastKnownFileType = image.jpeg; path = nssl0045.jpg; sourceTree = "<group>"; };
		66C834B71E66FFE900576276 /* nssl0046.jpg */ = {isa = PBXFileReference; lastKnownFileType = image.jpeg; path = nssl0046.jpg; sourceTree = "<group>"; };
		66C834B81E66FFE900576276 /* nssl0049.jpg */ = {isa = PBXFileReference; lastKnownFileType = image.jpeg; path = nssl0049.jpg; sourceTree = "<group>"; };
		66C834B91E66FFE900576276 /* nssl0051.jpg */ = {isa = PBXFileReference; lastKnownFileType = image.jpeg; path = nssl0051.jpg; sourceTree = "<group>"; };
		66C834BA1E66FFE900576276 /* nssl0091.jpg */ = {isa = PBXFileReference; lastKnownFileType = image.jpeg; path = nssl0091.jpg; sourceTree = "<group>"; };
		66C834C51E6707D500576276 /* DetailViewController.swift */ = {isa = PBXFileReference; fileEncoding = 4; lastKnownFileType = sourcecode.swift; path = DetailViewController.swift; sourceTree = "<group>"; };
/* End PBXFileReference section */

/* Begin PBXFrameworksBuildPhase section */
		66C834981E66FF3200576276 /* Frameworks */ = {
			isa = PBXFrameworksBuildPhase;
			buildActionMask = 2147483647;
			files = (
			);
			runOnlyForDeploymentPostprocessing = 0;
		};
/* End PBXFrameworksBuildPhase section */

/* Begin PBXGroup section */
		66C834921E66FF3200576276 = {
			isa = PBXGroup;
			children = (
				66C8349D1E66FF3200576276 /* StormViewer */,
				66C8349C1E66FF3200576276 /* Products */,
			);
			sourceTree = "<group>";
		};
		66C8349C1E66FF3200576276 /* Products */ = {
			isa = PBXGroup;
			children = (
				66C8349B1E66FF3200576276 /* StormViewer.app */,
			);
			name = Products;
			sourceTree = "<group>";
		};
		66C8349D1E66FF3200576276 /* StormViewer */ = {
			isa = PBXGroup;
			children = (
				66C8349E1E66FF3200576276 /* AppDelegate.swift */,
				66C834A01E66FF3200576276 /* ViewController.swift */,
				66C834C51E6707D500576276 /* DetailViewController.swift */,
				66C834A21E66FF3200576276 /* Main.storyboard */,
				66C834A51E66FF3200576276 /* Assets.xcassets */,
				66C834A71E66FF3200576276 /* LaunchScreen.storyboard */,
				66C834AA1E66FF3200576276 /* Info.plist */,
				66C834B01E66FFE900576276 /* Content */,
			);
			path = StormViewer;
			sourceTree = "<group>";
		};
		66C834B01E66FFE900576276 /* Content */ = {
			isa = PBXGroup;
			children = (
				66C834B11E66FFE900576276 /* nssl0033.jpg */,
				66C834B21E66FFE900576276 /* nssl0034.jpg */,
				66C834B31E66FFE900576276 /* nssl0041.jpg */,
				66C834B41E66FFE900576276 /* nssl0042.jpg */,
				66C834B51E66FFE900576276 /* nssl0043.jpg */,
				66C834B61E66FFE900576276 /* nssl0045.jpg */,
				66C834B71E66FFE900576276 /* nssl0046.jpg */,
				66C834B81E66FFE900576276 /* nssl0049.jpg */,
				66C834B91E66FFE900576276 /* nssl0051.jpg */,
				66C834BA1E66FFE900576276 /* nssl0091.jpg */,
			);
			path = Content;
			sourceTree = "<group>";
		};
/* End PBXGroup section */

/* Begin PBXNativeTarget section */
		66C8349A1E66FF3200576276 /* StormViewer */ = {
			isa = PBXNativeTarget;
			buildConfigurationList = 66C834AD1E66FF3200576276 /* Build configuration list for PBXNativeTarget "StormViewer" */;
			buildPhases = (
				66C834971E66FF3200576276 /* Sources */,
				66C834981E66FF3200576276 /* Frameworks */,
				66C834991E66FF3200576276 /* Resources */,
			);
			buildRules = (
			);
			dependencies = (
			);
			name = StormViewer;
			productName = StormViewer;
			productReference = 66C8349B1E66FF3200576276 /* StormViewer.app */;
			productType = "com.apple.product-type.application";
		};
/* End PBXNativeTarget section */

/* Begin PBXProject section */
		66C834931E66FF3200576276 /* Project object */ = {
			isa = PBXProject;
			attributes = {
				LastSwiftUpdateCheck = 0820;
				LastUpgradeCheck = 0820;
				ORGANIZATIONNAME = "Rajat Gupta";
				TargetAttributes = {
					66C8349A1E66FF3200576276 = {
						CreatedOnToolsVersion = 8.2.1;
						DevelopmentTeam = BT5NB34EJ5;
						ProvisioningStyle = Automatic;
					};
				};
			};
			buildConfigurationList = 66C834961E66FF3200576276 /* Build configuration list for PBXProject "StormViewer" */;
			compatibilityVersion = "Xcode 3.2";
			developmentRegion = English;
			hasScannedForEncodings = 0;
			knownRegions = (
				en,
				Base,
			);
			mainGroup = 66C834921E66FF3200576276;
			productRefGroup = 66C8349C1E66FF3200576276 /* Products */;
			projectDirPath = "";
			projectRoot = "";
			targets = (
				66C8349A1E66FF3200576276 /* StormViewer */,
			);
		};
/* End PBXProject section */

/* Begin PBXResourcesBuildPhase section */
		66C834991E66FF3200576276 /* Resources */ = {
			isa = PBXResourcesBuildPhase;
			buildActionMask = 2147483647;
			files = (
				66C834BC1E66FFE900576276 /* nssl0034.jpg in Resources */,
				66C834C31E66FFE900576276 /* nssl0051.jpg in Resources */,
				66C834A91E66FF3200576276 /* LaunchScreen.storyboard in Resources */,
				66C834BF1E66FFE900576276 /* nssl0043.jpg in Resources */,
				66C834BB1E66FFE900576276 /* nssl0033.jpg in Resources */,
				66C834C01E66FFE900576276 /* nssl0045.jpg in Resources */,
				66C834C11E66FFE900576276 /* nssl0046.jpg in Resources */,
				66C834C21E66FFE900576276 /* nssl0049.jpg in Resources */,
				66C834BE1E66FFE900576276 /* nssl0042.jpg in Resources */,
				66C834A61E66FF3200576276 /* Assets.xcassets in Resources */,
				66C834C41E66FFE900576276 /* nssl0091.jpg in Resources */,
				66C834BD1E66FFE900576276 /* nssl0041.jpg in Resources */,
				66C834A41E66FF3200576276 /* Main.storyboard in Resources */,
			);
			runOnlyForDeploymentPostprocessing = 0;
		};
/* End PBXResourcesBuildPhase section */

/* Begin PBXSourcesBuildPhase section */
		66C834971E66FF3200576276 /* Sources */ = {
			isa = PBXSourcesBuildPhase;
			buildActionMask = 2147483647;
			files = (
				66C834C61E6707D500576276 /* DetailViewController.swift in Sources */,
				66C834A11E66FF3200576276 /* ViewController.swift in Sources */,
				66C8349F1E66FF3200576276 /* AppDelegate.swift in Sources */,
			);
			runOnlyForDeploymentPostprocessing = 0;
		};
/* End PBXSourcesBuildPhase section */

/* Begin PBXVariantGroup section */
		66C834A21E66FF3200576276 /* Main.storyboard */ = {
			isa = PBXVariantGroup;
			children = (
				66C834A31E66FF3200576276 /* Base */,
			);
			name = Main.storyboard;
			sourceTree = "<group>";
		};
		66C834A71E66FF3200576276 /* LaunchScreen.storyboard */ = {
			isa = PBXVariantGroup;
			children = (
				66C834A81E66FF3200576276 /* Base */,
			);
			name = LaunchScreen.storyboard;
			sourceTree = "<group>";
		};
/* End PBXVariantGroup section */

/* Begin XCBuildConfiguration section */
		66C834AB1E66FF3200576276 /* Debug */ = {
			isa = XCBuildConfiguration;
			buildSettings = {
				ALWAYS_SEARCH_USER_PATHS = NO;
				CLANG_ANALYZER_NONNULL = YES;
				CLANG_CXX_LANGUAGE_STANDARD = "gnu++0x";
				CLANG_CXX_LIBRARY = "libc++";
				CLANG_ENABLE_MODULES = YES;
				CLANG_ENABLE_OBJC_ARC = YES;
				CLANG_WARN_BOOL_CONVERSION = YES;
				CLANG_WARN_CONSTANT_CONVERSION = YES;
				CLANG_WARN_DIRECT_OBJC_ISA_USAGE = YES_ERROR;
				CLANG_WARN_DOCUMENTATION_COMMENTS = YES;
				CLANG_WARN_EMPTY_BODY = YES;
				CLANG_WARN_ENUM_CONVERSION = YES;
				CLANG_WARN_INFINITE_RECURSION = YES;
				CLANG_WARN_INT_CONVERSION = YES;
				CLANG_WARN_OBJC_ROOT_CLASS = YES_ERROR;
				CLANG_WARN_SUSPICIOUS_MOVE = YES;
				CLANG_WARN_UNREACHABLE_CODE = YES;
				CLANG_WARN__DUPLICATE_METHOD_MATCH = YES;
				"CODE_SIGN_IDENTITY[sdk=iphoneos*]" = "iPhone Developer";
				COPY_PHASE_STRIP = NO;
				DEBUG_INFORMATION_FORMAT = dwarf;
				ENABLE_STRICT_OBJC_MSGSEND = YES;
				ENABLE_TESTABILITY = YES;
				GCC_C_LANGUAGE_STANDARD = gnu99;
				GCC_DYNAMIC_NO_PIC = NO;
				GCC_NO_COMMON_BLOCKS = YES;
				GCC_OPTIMIZATION_LEVEL = 0;
				GCC_PREPROCESSOR_DEFINITIONS = (
					"DEBUG=1",
					"$(inherited)",
				);
				GCC_WARN_64_TO_32_BIT_CONVERSION = YES;
				GCC_WARN_ABOUT_RETURN_TYPE = YES_ERROR;
				GCC_WARN_UNDECLARED_SELECTOR = YES;
				GCC_WARN_UNINITIALIZED_AUTOS = YES_AGGRESSIVE;
				GCC_WARN_UNUSED_FUNCTION = YES;
				GCC_WARN_UNUSED_VARIABLE = YES;
				IPHONEOS_DEPLOYMENT_TARGET = 10.2;
				MTL_ENABLE_DEBUG_INFO = YES;
				ONLY_ACTIVE_ARCH = YES;
				SDKROOT = iphoneos;
				SWIFT_ACTIVE_COMPILATION_CONDITIONS = DEBUG;
				SWIFT_OPTIMIZATION_LEVEL = "-Onone";
			};
			name = Debug;
		};
		66C834AC1E66FF3200576276 /* Release */ = {
			isa = XCBuildConfiguration;
			buildSettings = {
				ALWAYS_SEARCH_USER_PATHS = NO;
				CLANG_ANALYZER_NONNULL = YES;
				CLANG_CXX_LANGUAGE_STANDARD = "gnu++0x";
				CLANG_CXX_LIBRARY = "libc++";
				CLANG_ENABLE_MODULES = YES;
				CLANG_ENABLE_OBJC_ARC = YES;
				CLANG_WARN_BOOL_CONVERSION = YES;
				CLANG_WARN_CONSTANT_CONVERSION = YES;
				CLANG_WARN_DIRECT_OBJC_ISA_USAGE = YES_ERROR;
				CLANG_WARN_DOCUMENTATION_COMMENTS = YES;
				CLANG_WARN_EMPTY_BODY = YES;
				CLANG_WARN_ENUM_CONVERSION = YES;
				CLANG_WARN_INFINITE_RECURSION = YES;
				CLANG_WARN_INT_CONVERSION = YES;
				CLANG_WARN_OBJC_ROOT_CLASS = YES_ERROR;
				CLANG_WARN_SUSPICIOUS_MOVE = YES;
				CLANG_WARN_UNREACHABLE_CODE = YES;
				CLANG_WARN__DUPLICATE_METHOD_MATCH = YES;
				"CODE_SIGN_IDENTITY[sdk=iphoneos*]" = "iPhone Developer";
				COPY_PHASE_STRIP = NO;
				DEBUG_INFORMATION_FORMAT = "dwarf-with-dsym";
				ENABLE_NS_ASSERTIONS = NO;
				ENABLE_STRICT_OBJC_MSGSEND = YES;
				GCC_C_LANGUAGE_STANDARD = gnu99;
				GCC_NO_COMMON_BLOCKS = YES;
				GCC_WARN_64_TO_32_BIT_CONVERSION = YES;
				GCC_WARN_ABOUT_RETURN_TYPE = YES_ERROR;
				GCC_WARN_UNDECLARED_SELECTOR = YES;
				GCC_WARN_UNINITIALIZED_AUTOS = YES_AGGRESSIVE;
				GCC_WARN_UNUSED_FUNCTION = YES;
				GCC_WARN_UNUSED_VARIABLE = YES;
				IPHONEOS_DEPLOYMENT_TARGET = 10.2;
				MTL_ENABLE_DEBUG_INFO = NO;
				SDKROOT = iphoneos;
				SWIFT_OPTIMIZATION_LEVEL = "-Owholemodule";
				VALIDATE_PRODUCT = YES;
			};
			name = Release;
		};
		66C834AE1E66FF3200576276 /* Debug */ = {
			isa = XCBuildConfiguration;
			buildSettings = {
				ASSETCATALOG_COMPILER_APPICON_NAME = AppIcon;
				DEVELOPMENT_TEAM = BT5NB34EJ5;
				INFOPLIST_FILE = StormViewer/Info.plist;
				LD_RUNPATH_SEARCH_PATHS = "$(inherited) @executable_path/Frameworks";
				PRODUCT_BUNDLE_IDENTIFIER = Rajat.StormViewer;
				PRODUCT_NAME = "$(TARGET_NAME)";
				SWIFT_VERSION = 3.0;
			};
			name = Debug;
		};
		66C834AF1E66FF3200576276 /* Release */ = {
			isa = XCBuildConfiguration;
			buildSettings = {
				ASSETCATALOG_COMPILER_APPICON_NAME = AppIcon;
				DEVELOPMENT_TEAM = BT5NB34EJ5;
				INFOPLIST_FILE = StormViewer/Info.plist;
				LD_RUNPATH_SEARCH_PATHS = "$(inherited) @executable_path/Frameworks";
				PRODUCT_BUNDLE_IDENTIFIER = Rajat.StormViewer;
				PRODUCT_NAME = "$(TARGET_NAME)";
				SWIFT_VERSION = 3.0;
			};
			name = Release;
		};
/* End XCBuildConfiguration section */

/* Begin XCConfigurationList section */
		66C834961E66FF3200576276 /* Build configuration list for PBXProject "StormViewer" */ = {
			isa = XCConfigurationList;
			buildConfigurations = (
				66C834AB1E66FF3200576276 /* Debug */,
				66C834AC1E66FF3200576276 /* Release */,
			);
			defaultConfigurationIsVisible = 0;
			defaultConfigurationName = Release;
		};
		66C834AD1E66FF3200576276 /* Build configuration list for PBXNativeTarget "StormViewer" */ = {
			isa = XCConfigurationList;
			buildConfigurations = (
				66C834AE1E66FF3200576276 /* Debug */,
				66C834AF1E66FF3200576276 /* Release */,
			);
			defaultConfigurationIsVisible = 0;
		};
/* End XCConfigurationList section */
	};
	rootObject = 66C834931E66FF3200576276 /* Project object */;
}
